version = 1

[[packages]]
name = "5ive-blackjack"
version = "0.0.0"
address = "H8yL79CgLYf6vHHSJ2vCbLuKohK8ihTTC2jAvcs86Fs1"
bytecode_hash = "7d756ae886da52f0437f0c3b3cc8cb0470c27ef9db580118c0bda88a5433a0ea"
deployed_at = "2026-03-19T03:58:00.978Z"

  [packages.exports]
  methods = [
  "init_table",
  "init_player",
  "start_round",
  "hit",
  "stand_and_settle",
  "get_player_chips",
  "get_round_status",
  "get_last_outcome"
]
  interfaces = [ ]
