version = 1

[[packages]]
name = "5ive-blackjack"
version = "0.0.0"
address = "4mCGgEpgpeEhoFsCz2DKY1ovsHtjHzf24sgy7tNtcdzW"
bytecode_hash = "c49c2e4e4dba8db2eb4f342521c6120792c74ed19750801714492efc1fd43e4c"
deployed_at = "2026-03-15T22:14:05.617Z"

  [packages.exports]
  methods = [
  "init_table",
  "init_player",
  "start_round",
  "hit",
  "stand_and_settle",
  "get_player_chips",
  "get_round_status",
  "get_last_outcome"
]
  interfaces = [ ]
