version = 1

[[packages]]
name = "5ive-blackjack"
version = "0.0.0"
address = "FQRZ7GLSxs466DeUii8rVHe24WzZarSsW91tzV6uhxuY"
bytecode_hash = "91dc39c18d162176255ab0260db6c8cba8db8be33ec08898871236e7841a6e59"
deployed_at = "2026-03-16T20:45:01.246Z"

  [packages.exports]
  methods = [
  "init_table",
  "init_player",
  "start_round",
  "hit",
  "stand_and_settle",
  "get_player_chips",
  "get_round_status",
  "get_last_outcome"
]
  interfaces = [ ]
